
Microsoft Visual Studio Solution File, Format Version 12.00
# Visual Studio Version 17
VisualStudioVersion = 17.11.35312.102
MinimumVisualStudioVersion = 10.0.40219.1
Project("{9A19103F-16F7-4668-BE54-9A1E7A4F7556}") = "QualityControlApp", "QualityControlApp\QualityControlApp.csproj", "{924F1E23-A384-4955-98AF-D479A7E28E9D}"
EndProject
Global
	GlobalSection(SolutionConfigurationPlatforms) = preSolution
		Debug|Any CPU = Debug|Any CPU
		Release|Any CPU = Release|Any CPU
	EndGlobalSection
	GlobalSection(ProjectConfigurationPlatforms) = postSolution
		{924F1E23-A384-4955-98AF-D479A7E28E9D}.Debug|Any CPU.ActiveCfg = Debug|Any CPU
		{924F1E23-A384-4955-98AF-D479A7E28E9D}.Debug|Any CPU.Build.0 = Debug|Any CPU
		{924F1E23-A384-4955-98AF-D479A7E28E9D}.Release|Any CPU.ActiveCfg = Release|Any CPU
		{924F1E23-A384-4955-98AF-D479A7E28E9D}.Release|Any CPU.Build.0 = Release|Any CPU
	EndGlobalSection
	GlobalSection(SolutionProperties) = preSolution
		HideSolutionNode = FALSE
	EndGlobalSection
	GlobalSection(ExtensibilityGlobals) = postSolution
		SolutionGuid = {B525A0DD-219A-44EC-9D18-A8D497FB4402}
	EndGlobalSection
EndGlobal
